
Microsoft Visual Studio Solution File, Format Version 12.00
# Visual Studio 15
Project("{FAE04EC0-301F-11D3-BF4B-00C04F79EFBC}") = "PrismDemoR2.iOS", "PrismDemoR2.iOS\PrismDemoR2.iOS.csproj", "{FB8B3B00-5121-411F-928C-EE2959EEB710}"
EndProject
Project("{FAE04EC0-301F-11D3-BF4B-00C04F79EFBC}") = "PrismDemoR2", "PrismDemoR2\PrismDemoR2.csproj", "{3D3F3E7F-CC5B-45FF-B392-BF824184D432}"
EndProject
Global
	GlobalSection(SolutionConfigurationPlatforms) = preSolution
		Debug|iPhoneSimulator = Debug|iPhoneSimulator
		Release|iPhoneSimulator = Release|iPhoneSimulator
		Debug|iPhone = Debug|iPhone
		Release|iPhone = Release|iPhone
		Debug|Any CPU = Debug|Any CPU
		Release|Any CPU = Release|Any CPU
	EndGlobalSection
	GlobalSection(ProjectConfigurationPlatforms) = postSolution
		{FB8B3B00-5121-411F-928C-EE2959EEB710}.Debug|iPhoneSimulator.ActiveCfg = Debug|iPhoneSimulator
		{FB8B3B00-5121-411F-928C-EE2959EEB710}.Debug|iPhoneSimulator.Build.0 = Debug|iPhoneSimulator
		{FB8B3B00-5121-411F-928C-EE2959EEB710}.Release|iPhoneSimulator.ActiveCfg = Release|iPhoneSimulator
		{FB8B3B00-5121-411F-928C-EE2959EEB710}.Release|iPhoneSimulator.Build.0 = Release|iPhoneSimulator
		{FB8B3B00-5121-411F-928C-EE2959EEB710}.Debug|iPhone.ActiveCfg = Debug|iPhone
		{FB8B3B00-5121-411F-928C-EE2959EEB710}.Debug|iPhone.Build.0 = Debug|iPhone
		{FB8B3B00-5121-411F-928C-EE2959EEB710}.Release|iPhone.ActiveCfg = Release|iPhone
		{FB8B3B00-5121-411F-928C-EE2959EEB710}.Release|iPhone.Build.0 = Release|iPhone
		{FB8B3B00-5121-411F-928C-EE2959EEB710}.Debug|Any CPU.ActiveCfg = Debug|iPhoneSimulator
		{FB8B3B00-5121-411F-928C-EE2959EEB710}.Debug|Any CPU.Build.0 = Debug|iPhoneSimulator
		{FB8B3B00-5121-411F-928C-EE2959EEB710}.Release|Any CPU.ActiveCfg = Release|iPhoneSimulator
		{FB8B3B00-5121-411F-928C-EE2959EEB710}.Release|Any CPU.Build.0 = Release|iPhoneSimulator
		{3D3F3E7F-CC5B-45FF-B392-BF824184D432}.Debug|iPhoneSimulator.ActiveCfg = Debug|Any CPU
		{3D3F3E7F-CC5B-45FF-B392-BF824184D432}.Debug|iPhoneSimulator.Build.0 = Debug|Any CPU
		{3D3F3E7F-CC5B-45FF-B392-BF824184D432}.Release|iPhoneSimulator.ActiveCfg = Release|Any CPU
		{3D3F3E7F-CC5B-45FF-B392-BF824184D432}.Release|iPhoneSimulator.Build.0 = Release|Any CPU
		{3D3F3E7F-CC5B-45FF-B392-BF824184D432}.Debug|iPhone.ActiveCfg = Debug|Any CPU
		{3D3F3E7F-CC5B-45FF-B392-BF824184D432}.Debug|iPhone.Build.0 = Debug|Any CPU
		{3D3F3E7F-CC5B-45FF-B392-BF824184D432}.Release|iPhone.ActiveCfg = Release|Any CPU
		{3D3F3E7F-CC5B-45FF-B392-BF824184D432}.Release|iPhone.Build.0 = Release|Any CPU
		{3D3F3E7F-CC5B-45FF-B392-BF824184D432}.Debug|Any CPU.ActiveCfg = Debug|Any CPU
		{3D3F3E7F-CC5B-45FF-B392-BF824184D432}.Debug|Any CPU.Build.0 = Debug|Any CPU
		{3D3F3E7F-CC5B-45FF-B392-BF824184D432}.Release|Any CPU.ActiveCfg = Release|Any CPU
		{3D3F3E7F-CC5B-45FF-B392-BF824184D432}.Release|Any CPU.Build.0 = Release|Any CPU
	EndGlobalSection
EndGlobal
